
Microsoft Visual Studio Solution File, Format Version 12.00
# Visual Studio Version 17
VisualStudioVersion = 17.7.34024.191
MinimumVisualStudioVersion = 10.0.40219.1
Project("{8BC9CEB8-8B4A-11D0-8D11-00A0C91BC942}") = "ScrollShooter", "ScrollShooter.vcxproj", "{037F766B-9B85-4868-92EB-583407C9E86E}"
EndProject
Global
	GlobalSection(SolutionConfigurationPlatforms) = preSolution
		Debug|x64 = Debug|x64
		Debug|x86 = Debug|x86
		Release|x64 = Release|x64
		Release|x86 = Release|x86
	EndGlobalSection
	GlobalSection(ProjectConfigurationPlatforms) = postSolution
		{037F766B-9B85-4868-92EB-583407C9E86E}.Debug|x64.ActiveCfg = Debug|x64
		{037F766B-9B85-4868-92EB-583407C9E86E}.Debug|x64.Build.0 = Debug|x64
		{037F766B-9B85-4868-92EB-583407C9E86E}.Debug|x86.ActiveCfg = Debug|Win32
		{037F766B-9B85-4868-92EB-583407C9E86E}.Debug|x86.Build.0 = Debug|Win32
		{037F766B-9B85-4868-92EB-583407C9E86E}.Release|x64.ActiveCfg = Release|x64
		{037F766B-9B85-4868-92EB-583407C9E86E}.Release|x64.Build.0 = Release|x64
		{037F766B-9B85-4868-92EB-583407C9E86E}.Release|x86.ActiveCfg = Release|Win32
		{037F766B-9B85-4868-92EB-583407C9E86E}.Release|x86.Build.0 = Release|Win32
	EndGlobalSection
	GlobalSection(SolutionProperties) = preSolution
		HideSolutionNode = FALSE
	EndGlobalSection
	GlobalSection(ExtensibilityGlobals) = postSolution
		SolutionGuid = {D03BA780-E29A-4B51-82FE-C0A3B8C89F1A}
	EndGlobalSection
EndGlobal
